<?xml version="1.0" encoding="utf-8"?>
<Project ToolsVersion="4.0" xmlns="http://schemas.microsoft.com/developer/msbuild/2003">
  <ItemGroup>
    <Filter Include="리소스 파일">
      <UniqueIdentifier>{67DA6AB6-F800-4c08-8B7A-83BB121AAD01}</UniqueIdentifier>
      <Extensions>rc;ico;cur;bmp;dlg;rc2;rct;bin;rgs;gif;jpg;jpeg;jpe;resx;tiff;tif;png;wav;mfcribbon-ms</Extensions>
    </Filter>
    <Filter Include="Engine">
      <UniqueIdentifier>{4FC737F1-C7A5-4376-A066-2A32D752A2FF}</UniqueIdentifier>
      <Extensions>cpp;c;cc;cxx;c++;cppm;ixx;def;odl;idl;hpj;bat;asm;asmx</Extensions>
    </Filter>
    <Filter Include="Engine\01. Header">
      <UniqueIdentifier>{b6122731-11d2-4b36-8095-e6625819065b}</UniqueIdentifier>
    </Filter>
    <Filter Include="Define">
      <UniqueIdentifier>{93995380-89BD-4b04-88EB-625FBE52EBFB}</UniqueIdentifier>
      <Extensions>h;hh;hpp;hxx;h++;hm;inl;inc;ipp;xsd</Extensions>
    </Filter>
    <Filter Include="Engine\03. Manager">
      <UniqueIdentifier>{666d3425-b20b-4fb3-955c-5e23c76df20a}</UniqueIdentifier>
    </Filter>
    <Filter Include="Engine\03. Manager\Key">
      <UniqueIdentifier>{49758144-8809-4b78-a238-0062124bc2c6}</UniqueIdentifier>
    </Filter>
    <Filter Include="Engine\03. Manager\Time">
      <UniqueIdentifier>{0a9d2545-3818-4529-8681-522e80113193}</UniqueIdentifier>
    </Filter>
    <Filter Include="Engine\04. Object">
      <UniqueIdentifier>{ecb61fd4-489b-417b-a141-6120fdbcfe5e}</UniqueIdentifier>
    </Filter>
    <Filter Include="Engine\05. Scene">
      <UniqueIdentifier>{60bae2ee-6252-45f7-a470-7facabe6ffeb}</UniqueIdentifier>
    </Filter>
    <Filter Include="Engine\03. Manager\Scene">
      <UniqueIdentifier>{9b210330-a217-416f-b748-cb4b043fabea}</UniqueIdentifier>
    </Filter>
    <Filter Include="Engine\05. Scene\Scene_Start">
      <UniqueIdentifier>{60a48ed2-dc4f-4ef0-a2c7-e36eb37731e2}</UniqueIdentifier>
    </Filter>
    <Filter Include="Engine\04. Object\Player">
      <UniqueIdentifier>{02cc24b9-b3cd-4dd5-8592-b86e2c049ddc}</UniqueIdentifier>
    </Filter>
    <Filter Include="Engine\04. Object\Monster">
      <UniqueIdentifier>{86795158-4b42-43f1-bc70-fb009e65b491}</UniqueIdentifier>
    </Filter>
    <Filter Include="Engine\04. Object\Missile">
      <UniqueIdentifier>{a3fdd3c6-a877-4234-b161-42420fc4eb8a}</UniqueIdentifier>
    </Filter>
    <Filter Include="Engine\06. Resource">
      <UniqueIdentifier>{021d8b0a-4359-4460-b585-2f7bdfec0107}</UniqueIdentifier>
    </Filter>
    <Filter Include="Engine\06. Resource\Sound">
      <UniqueIdentifier>{6cdc89df-3563-4e6f-9083-f90c7ab097b1}</UniqueIdentifier>
    </Filter>
    <Filter Include="Engine\06. Resource\Texture">
      <UniqueIdentifier>{9e95d118-3068-401c-a143-515cf9b6e973}</UniqueIdentifier>
    </Filter>
    <Filter Include="Engine\03. Manager\Resource">
      <UniqueIdentifier>{a98a7ced-d823-43c5-8659-17f698246616}</UniqueIdentifier>
    </Filter>
    <Filter Include="Engine\07. Component">
      <UniqueIdentifier>{e862967b-f06b-46eb-acf8-69c9fe58f571}</UniqueIdentifier>
    </Filter>
    <Filter Include="Engine\08. Module">
      <UniqueIdentifier>{356230a5-eac9-48b6-8432-607dbc0fe10e}</UniqueIdentifier>
    </Filter>
    <Filter Include="Engine\03. Manager\Collider">
      <UniqueIdentifier>{1429f8a0-4f52-48f4-a6f6-203e7ad767b7}</UniqueIdentifier>
    </Filter>
    <Filter Include="Engine\03. Manager\Event">
      <UniqueIdentifier>{7cef01f9-ef55-45c5-8929-c35e2e99a7f3}</UniqueIdentifier>
    </Filter>
    <Filter Include="Engine\03. Manager\Path">
      <UniqueIdentifier>{437b66e5-a026-41d2-8160-54fb5833aabd}</UniqueIdentifier>
    </Filter>
    <Filter Include="Engine\05. Scene\Scene_Tool">
      <UniqueIdentifier>{6dc4df7c-1a37-4a15-856a-1a6220494cf5}</UniqueIdentifier>
    </Filter>
    <Filter Include="Engine\07. Component\Collider">
      <UniqueIdentifier>{f292d55f-6825-4538-bdeb-752ec7511871}</UniqueIdentifier>
    </Filter>
    <Filter Include="Engine\07. Component\Animator">
      <UniqueIdentifier>{0ab2c0b4-9fbd-4ac3-9d14-b109e316d415}</UniqueIdentifier>
    </Filter>
    <Filter Include="Engine\02. Core">
      <UniqueIdentifier>{c408d513-0aea-4f43-9700-3b66e7bffc5f}</UniqueIdentifier>
    </Filter>
    <Filter Include="Engine\03. Manager\Camera">
      <UniqueIdentifier>{696566ff-0412-432f-ad03-fabf68c3bf89}</UniqueIdentifier>
    </Filter>
  </ItemGroup>
  <ItemGroup>
    <ClInclude Include="framework.h">
      <Filter>Define</Filter>
    </ClInclude>
    <ClInclude Include="targetver.h">
      <Filter>Define</Filter>
    </ClInclude>
    <ClInclude Include="GameBasic.h">
      <Filter>Define</Filter>
    </ClInclude>
    <ClInclude Include="define.h">
      <Filter>Engine\01. Header</Filter>
    </ClInclude>
    <ClInclude Include="struct.h">
      <Filter>Engine\01. Header</Filter>
    </ClInclude>
    <ClInclude Include="pch.h">
      <Filter>Engine</Filter>
    </ClInclude>
    <ClInclude Include="Core.h">
      <Filter>Engine\02. Core</Filter>
    </ClInclude>
    <ClInclude Include="KeyManager.h">
      <Filter>Engine\03. Manager\Key</Filter>
    </ClInclude>
    <ClInclude Include="TimeManager.h">
      <Filter>Engine\03. Manager\Time</Filter>
    </ClInclude>
    <ClInclude Include="Object.h">
      <Filter>Engine\04. Object</Filter>
    </ClInclude>
    <ClInclude Include="Scene.h">
      <Filter>Engine\05. Scene</Filter>
    </ClInclude>
    <ClInclude Include="SceneManager.h">
      <Filter>Engine\03. Manager\Scene</Filter>
    </ClInclude>
    <ClInclude Include="Scene_Start.h">
      <Filter>Engine\05. Scene\Scene_Start</Filter>
    </ClInclude>
    <ClInclude Include="Player.h">
      <Filter>Engine\04. Object\Player</Filter>
    </ClInclude>
    <ClInclude Include="Monster.h">
      <Filter>Engine\04. Object\Monster</Filter>
    </ClInclude>
    <ClInclude Include="Missile.h">
      <Filter>Engine\04. Object\Missile</Filter>
    </ClInclude>
    <ClInclude Include="Resource.h">
      <Filter>Define</Filter>
    </ClInclude>
    <ClInclude Include="Res.h">
      <Filter>Engine\06. Resource</Filter>
    </ClInclude>
    <ClInclude Include="Texture.h">
      <Filter>Engine\06. Resource\Texture</Filter>
    </ClInclude>
    <ClInclude Include="Sound.h">
      <Filter>Engine\06. Resource\Sound</Filter>
    </ClInclude>
    <ClInclude Include="PathManager.h">
      <Filter>Engine\03. Manager\Path</Filter>
    </ClInclude>
    <ClInclude Include="ResManager.h">
      <Filter>Engine\03. Manager\Resource</Filter>
    </ClInclude>
    <ClInclude Include="SelectGDI.h">
      <Filter>Engine\08. Module</Filter>
    </ClInclude>
    <ClInclude Include="ColliderManager.h">
      <Filter>Engine\03. Manager\Collider</Filter>
    </ClInclude>
    <ClInclude Include="EventManager.h">
      <Filter>Engine\03. Manager\Event</Filter>
    </ClInclude>
    <ClInclude Include="func.h">
      <Filter>Engine\01. Header</Filter>
    </ClInclude>
    <ClInclude Include="Scene_Tool.h">
      <Filter>Engine\05. Scene\Scene_Tool</Filter>
    </ClInclude>
    <ClInclude Include="Collider.h">
      <Filter>Engine\07. Component\Collider</Filter>
    </ClInclude>
    <ClInclude Include="Animator.h">
      <Filter>Engine\07. Component\Animator</Filter>
    </ClInclude>
    <ClInclude Include="Animation.h">
      <Filter>Engine\07. Component\Animator</Filter>
    </ClInclude>
    <ClInclude Include="Camera.h">
      <Filter>Engine\03. Manager\Camera</Filter>
    </ClInclude>
  </ItemGroup>
  <ItemGroup>
    <ClCompile Include="Core.cpp">
      <Filter>Engine\02. Core</Filter>
    </ClCompile>
    <ClCompile Include="GameBasic.cpp">
      <Filter>Engine</Filter>
    </ClCompile>
    <ClCompile Include="KeyManager.cpp">
      <Filter>Engine\03. Manager\Key</Filter>
    </ClCompile>
    <ClCompile Include="TimeManager.cpp">
      <Filter>Engine\03. Manager\Time</Filter>
    </ClCompile>
    <ClCompile Include="Object.cpp">
      <Filter>Engine\04. Object</Filter>
    </ClCompile>
    <ClCompile Include="Scene.cpp">
      <Filter>Engine\05. Scene</Filter>
    </ClCompile>
    <ClCompile Include="SceneManager.cpp">
      <Filter>Engine\03. Manager\Scene</Filter>
    </ClCompile>
    <ClCompile Include="Scene_Start.cpp">
      <Filter>Engine\05. Scene\Scene_Start</Filter>
    </ClCompile>
    <ClCompile Include="Player.cpp">
      <Filter>Engine\04. Object\Player</Filter>
    </ClCompile>
    <ClCompile Include="Monster.cpp">
      <Filter>Engine\04. Object\Monster</Filter>
    </ClCompile>
    <ClCompile Include="Missile.cpp">
      <Filter>Engine\04. Object\Missile</Filter>
    </ClCompile>
    <ClCompile Include="Res.cpp">
      <Filter>Engine\06. Resource</Filter>
    </ClCompile>
    <ClCompile Include="Texture.cpp">
      <Filter>Engine\06. Resource\Texture</Filter>
    </ClCompile>
    <ClCompile Include="Sound.cpp">
      <Filter>Engine\06. Resource\Sound</Filter>
    </ClCompile>
    <ClCompile Include="PathManager.cpp">
      <Filter>Engine\03. Manager\Path</Filter>
    </ClCompile>
    <ClCompile Include="ResManager.cpp">
      <Filter>Engine\03. Manager\Resource</Filter>
    </ClCompile>
    <ClCompile Include="SelectGDI.cpp">
      <Filter>Engine\08. Module</Filter>
    </ClCompile>
    <ClCompile Include="ColliderManager.cpp">
      <Filter>Engine\03. Manager\Collider</Filter>
    </ClCompile>
    <ClCompile Include="EventManager.cpp">
      <Filter>Engine\03. Manager\Event</Filter>
    </ClCompile>
    <ClCompile Include="Scene_Tool.cpp">
      <Filter>Engine\05. Scene\Scene_Tool</Filter>
    </ClCompile>
    <ClCompile Include="Collider.cpp">
      <Filter>Engine\07. Component\Collider</Filter>
    </ClCompile>
    <ClCompile Include="Animator.cpp">
      <Filter>Engine\07. Component\Animator</Filter>
    </ClCompile>
    <ClCompile Include="Animation.cpp">
      <Filter>Engine\07. Component\Animator</Filter>
    </ClCompile>
    <ClCompile Include="func.cpp">
      <Filter>Engine\01. Header</Filter>
    </ClCompile>
    <ClCompile Include="Camera.cpp">
      <Filter>Engine\03. Manager\Camera</Filter>
    </ClCompile>
  </ItemGroup>
  <ItemGroup>
    <ResourceCompile Include="GameBasic.rc">
      <Filter>리소스 파일</Filter>
    </ResourceCompile>
  </ItemGroup>
  <ItemGroup>
    <Image Include="small.ico">
      <Filter>리소스 파일</Filter>
    </Image>
    <Image Include="GameBasic.ico">
      <Filter>리소스 파일</Filter>
    </Image>
  </ItemGroup>
</Project>